
Microsoft Visual Studio Solution File, Format Version 12.00
# Visual Studio Version 16
VisualStudioVersion = 25.0.1705.5
MinimumVisualStudioVersion = 10.0.40219.1
Project("{FAE04EC0-301F-11D3-BF4B-00C04F79EFBC}") = "UnitedPaymentCaseStudy", "UnitedPaymentCaseStudy\UnitedPaymentCaseStudy.csproj", "{DDBF6838-66B1-4963-8A4B-63DF3FC3716F}"
EndProject
Global
	GlobalSection(SolutionConfigurationPlatforms) = preSolution
		Debug|Any CPU = Debug|Any CPU
		Release|Any CPU = Release|Any CPU
	EndGlobalSection
	GlobalSection(ProjectConfigurationPlatforms) = postSolution
		{DDBF6838-66B1-4963-8A4B-63DF3FC3716F}.Debug|Any CPU.ActiveCfg = Debug|Any CPU
		{DDBF6838-66B1-4963-8A4B-63DF3FC3716F}.Debug|Any CPU.Build.0 = Debug|Any CPU
		{DDBF6838-66B1-4963-8A4B-63DF3FC3716F}.Release|Any CPU.ActiveCfg = Release|Any CPU
		{DDBF6838-66B1-4963-8A4B-63DF3FC3716F}.Release|Any CPU.Build.0 = Release|Any CPU
	EndGlobalSection
	GlobalSection(SolutionProperties) = preSolution
		HideSolutionNode = FALSE
	EndGlobalSection
	GlobalSection(ExtensibilityGlobals) = postSolution
		SolutionGuid = {2DFDC5AA-B5A4-4EF1-A00D-D272B5AF3CA4}
	EndGlobalSection
EndGlobal
